
Microsoft Visual Studio Solution File, Format Version 12.00
# Visual Studio 14
VisualStudioVersion = 14.0.24720.0
MinimumVisualStudioVersion = 10.0.40219.1
Project("{FAE04EC0-301F-11D3-BF4B-00C04F79EFBC}") = "Insulator", "Insulator\Insulator.csproj", "{32F1C8BC-EE21-4C22-BF52-4E55EFDA8679}"
EndProject
Project("{FAE04EC0-301F-11D3-BF4B-00C04F79EFBC}") = "Insulator.2016", "Insulator.2016\Insulator.2016.csproj", "{80096B70-B858-455A-A372-F13DFE794B45}"
EndProject
Project("{54435603-DBB4-11D2-8724-00A0C9A8B90C}") = "InsulatorInstaller", "InsulatorInstaller\InsulatorInstaller.vdproj", "{C2432E97-9F06-4DC2-83DF-D8CF8E7EA33B}"
EndProject
Project("{FAE04EC0-301F-11D3-BF4B-00C04F79EFBC}") = "Insulator.2017", "Insulator.2017\Insulator.2017.csproj", "{A03122D1-A199-47AF-8D57-BEF31BADAEA1}"
EndProject
Global
	GlobalSection(SolutionConfigurationPlatforms) = preSolution
		Debug|Any CPU = Debug|Any CPU
		Release|Any CPU = Release|Any CPU
	EndGlobalSection
	GlobalSection(ProjectConfigurationPlatforms) = postSolution
		{32F1C8BC-EE21-4C22-BF52-4E55EFDA8679}.Debug|Any CPU.ActiveCfg = Debug|Any CPU
		{32F1C8BC-EE21-4C22-BF52-4E55EFDA8679}.Debug|Any CPU.Build.0 = Debug|Any CPU
		{32F1C8BC-EE21-4C22-BF52-4E55EFDA8679}.Release|Any CPU.ActiveCfg = Release|Any CPU
		{32F1C8BC-EE21-4C22-BF52-4E55EFDA8679}.Release|Any CPU.Build.0 = Release|Any CPU
		{80096B70-B858-455A-A372-F13DFE794B45}.Debug|Any CPU.ActiveCfg = Debug|Any CPU
		{80096B70-B858-455A-A372-F13DFE794B45}.Debug|Any CPU.Build.0 = Debug|Any CPU
		{80096B70-B858-455A-A372-F13DFE794B45}.Release|Any CPU.ActiveCfg = Release|Any CPU
		{80096B70-B858-455A-A372-F13DFE794B45}.Release|Any CPU.Build.0 = Release|Any CPU
		{C2432E97-9F06-4DC2-83DF-D8CF8E7EA33B}.Debug|Any CPU.ActiveCfg = Debug
		{C2432E97-9F06-4DC2-83DF-D8CF8E7EA33B}.Release|Any CPU.ActiveCfg = Release
		{A03122D1-A199-47AF-8D57-BEF31BADAEA1}.Debug|Any CPU.ActiveCfg = Debug|Any CPU
		{A03122D1-A199-47AF-8D57-BEF31BADAEA1}.Debug|Any CPU.Build.0 = Debug|Any CPU
		{A03122D1-A199-47AF-8D57-BEF31BADAEA1}.Release|Any CPU.ActiveCfg = Release|Any CPU
		{A03122D1-A199-47AF-8D57-BEF31BADAEA1}.Release|Any CPU.Build.0 = Release|Any CPU
	EndGlobalSection
	GlobalSection(SolutionProperties) = preSolution
		HideSolutionNode = FALSE
	EndGlobalSection
EndGlobal
